[cx.lock :version 1
  [modules
    [module
      :name "cx-stdlib"
      :resolved "bundled:0.8.0"]
    [module
      :name "github.com/example/regex-helpers"
      :resolved "https://cdn.example.com/regex-helpers-1.2.3.zip"
      :version "1.2.3"
      :sri "sha384-AbCdEfGhIjKlMnOpQrStUvWxYz0123456789AbCdEfGhIjKlMnOpQrStUvWxYz01"]
    [module
      :name "github.com/example/tampered-helpers"
      :resolved "https://cdn.example.com/tampered-helpers.zip"
      :version "1.0.0"
      :sri "sha384-tamperedsridoesnotmatchactualbytes0123456789AbCdEfGhIjKlMnOpQr"]
    [module
      :name "github.com/example/level-a"
      :resolved "https://cdn.example.com/level-a.zip"
      :version "1.0.0"
      :sri "sha384-levelAplaceholderhashforconformancefixtureinputvalidationonly00"]
    [module
      :name "github.com/example/level-b"
      :resolved "https://cdn.example.com/level-b.zip"
      :version "1.0.0"
      :sri "sha384-levelBplaceholderhashforconformancefixtureinputvalidationonly00"]
    [module
      :name "github.com/example/level-c"
      :resolved "https://cdn.example.com/level-c.zip"
      :version "1.0.0"
      :sri "sha384-levelCplaceholderhashforconformancefixtureinputvalidationonly00"]]
  [transitive-graph
    [edge :from "github.com/example/level-a" :to "github.com/example/level-b"]
    [edge :from "github.com/example/level-b" :to "github.com/example/level-c"]]]
